
Microsoft Visual Studio Solution File, Format Version 11.00
# Visual Studio 2010
Project("{8BC9CEB8-8B4A-11D0-8D11-00A0C91BC942}") = "NetworkCodeProject", "NetworkCodeProject\NetworkCodeProject.vcxproj", "{FF848CFF-8412-4ED6-90F6-38E8650987E2}"
EndProject
Project("{8BC9CEB8-8B4A-11D0-8D11-00A0C91BC942}") = "NetworkLibraryTestApplication", "NetworkLibraryTestApplication\NetworkLibraryTestApplication.vcxproj", "{1ADFA634-414A-46FC-8533-AE35EF70620F}"
	ProjectSection(ProjectDependencies) = postProject
		{FF848CFF-8412-4ED6-90F6-38E8650987E2} = {FF848CFF-8412-4ED6-90F6-38E8650987E2}
	EndProjectSection
EndProject
Global
	GlobalSection(SolutionConfigurationPlatforms) = preSolution
		Debug|Win32 = Debug|Win32
		Release|Win32 = Release|Win32
	EndGlobalSection
	GlobalSection(ProjectConfigurationPlatforms) = postSolution
		{FF848CFF-8412-4ED6-90F6-38E8650987E2}.Debug|Win32.ActiveCfg = Debug|Win32
		{FF848CFF-8412-4ED6-90F6-38E8650987E2}.Debug|Win32.Build.0 = Debug|Win32
		{FF848CFF-8412-4ED6-90F6-38E8650987E2}.Release|Win32.ActiveCfg = Release|Win32
		{FF848CFF-8412-4ED6-90F6-38E8650987E2}.Release|Win32.Build.0 = Release|Win32
		{1ADFA634-414A-46FC-8533-AE35EF70620F}.Debug|Win32.ActiveCfg = Debug|Win32
		{1ADFA634-414A-46FC-8533-AE35EF70620F}.Debug|Win32.Build.0 = Debug|Win32
		{1ADFA634-414A-46FC-8533-AE35EF70620F}.Release|Win32.ActiveCfg = Release|Win32
		{1ADFA634-414A-46FC-8533-AE35EF70620F}.Release|Win32.Build.0 = Release|Win32
	EndGlobalSection
	GlobalSection(SolutionProperties) = preSolution
		HideSolutionNode = FALSE
	EndGlobalSection
EndGlobal
